
Microsoft Visual Studio Solution File, Format Version 12.00
# Visual Studio Version 17
VisualStudioVersion = 17.8.34525.116
MinimumVisualStudioVersion = 10.0.40219.1
Project("{9A19103F-16F7-4668-BE54-9A1E7A4F7556}") = "WebApiDemo", "WebApiDemo\WebApiDemo.csproj", "{009F66DA-ACC3-4DDD-B895-2791A064B4B4}"
EndProject
Project("{2150E333-8FDC-42A3-9474-1A3956D46DE8}") = "Элементы решения", "Элементы решения", "{7A3B0768-FC25-4EF7-A203-BC36E7B34D5A}"
EndProject
Global
	GlobalSection(SolutionConfigurationPlatforms) = preSolution
		Debug|Any CPU = Debug|Any CPU
		Release|Any CPU = Release|Any CPU
	EndGlobalSection
	GlobalSection(ProjectConfigurationPlatforms) = postSolution
		{009F66DA-ACC3-4DDD-B895-2791A064B4B4}.Debug|Any CPU.ActiveCfg = Debug|Any CPU
		{009F66DA-ACC3-4DDD-B895-2791A064B4B4}.Debug|Any CPU.Build.0 = Debug|Any CPU
		{009F66DA-ACC3-4DDD-B895-2791A064B4B4}.Release|Any CPU.ActiveCfg = Release|Any CPU
		{009F66DA-ACC3-4DDD-B895-2791A064B4B4}.Release|Any CPU.Build.0 = Release|Any CPU
	EndGlobalSection
	GlobalSection(SolutionProperties) = preSolution
		HideSolutionNode = FALSE
	EndGlobalSection
	GlobalSection(ExtensibilityGlobals) = postSolution
		SolutionGuid = {56F0AD46-056A-48B9-8701-565A28E93FCE}
	EndGlobalSection
EndGlobal
